
Microsoft Visual Studio Solution File, Format Version 12.00
# Visual Studio Version 17
VisualStudioVersion = 17.8.34511.84
MinimumVisualStudioVersion = 10.0.40219.1
Project("{9A19103F-16F7-4668-BE54-9A1E7A4F7556}") = "ListaDeExercicios.Exercicio01", "ListaDeExercicios.Exercicio01\ListaDeExercicios.Exercicio01.csproj", "{439818FC-4ACB-4527-AC4C-1BC37A4A7914}"
EndProject
Project("{FAE04EC0-301F-11D3-BF4B-00C04F79EFBC}") = "ListaDeExercicios.Exercicio02", "ListaDeExercicios.Exercicio02\ListaDeExercicios.Exercicio02.csproj", "{4955A398-E270-4B9C-8968-1A9978065852}"
EndProject
Project("{FAE04EC0-301F-11D3-BF4B-00C04F79EFBC}") = "ListaDeExercicios.Exercicio03", "ListaDeExercicios.Exercicio03\ListaDeExercicios.Exercicio03.csproj", "{2E7027B4-85C5-4FF5-A9A5-C994B4D574B5}"
EndProject
Project("{FAE04EC0-301F-11D3-BF4B-00C04F79EFBC}") = "ListaDeExercicios.Exercicio04", "ListaDeExercicios.Exercicio04\ListaDeExercicios.Exercicio04.csproj", "{9B49109B-6054-4683-9A5C-583E65B71044}"
EndProject
Project("{FAE04EC0-301F-11D3-BF4B-00C04F79EFBC}") = "ListaDeExercicios.Exercicio05", "ListaDeExercicios.Exercicio05\ListaDeExercicios.Exercicio05.csproj", "{4DB5B70C-6AE6-4653-A438-740E79106B41}"
EndProject
Project("{FAE04EC0-301F-11D3-BF4B-00C04F79EFBC}") = "ListaDeExercicios.Exercicio06", "ListaDeExercicios.Exercicio06\ListaDeExercicios.Exercicio06.csproj", "{A4330CBB-C9E8-4F9F-8C2E-7F14ADDE8A4B}"
EndProject
Project("{FAE04EC0-301F-11D3-BF4B-00C04F79EFBC}") = "ListaDeExercicios.Exercicio07", "ListaDeExercicios.Exercicio07\ListaDeExercicios.Exercicio07.csproj", "{59E5BFC5-B599-4B01-99FB-736CCC9A1389}"
EndProject
Global
	GlobalSection(SolutionConfigurationPlatforms) = preSolution
		Debug|Any CPU = Debug|Any CPU
		Release|Any CPU = Release|Any CPU
	EndGlobalSection
	GlobalSection(ProjectConfigurationPlatforms) = postSolution
		{439818FC-4ACB-4527-AC4C-1BC37A4A7914}.Debug|Any CPU.ActiveCfg = Debug|Any CPU
		{439818FC-4ACB-4527-AC4C-1BC37A4A7914}.Debug|Any CPU.Build.0 = Debug|Any CPU
		{439818FC-4ACB-4527-AC4C-1BC37A4A7914}.Release|Any CPU.ActiveCfg = Release|Any CPU
		{439818FC-4ACB-4527-AC4C-1BC37A4A7914}.Release|Any CPU.Build.0 = Release|Any CPU
		{4955A398-E270-4B9C-8968-1A9978065852}.Debug|Any CPU.ActiveCfg = Debug|Any CPU
		{4955A398-E270-4B9C-8968-1A9978065852}.Debug|Any CPU.Build.0 = Debug|Any CPU
		{4955A398-E270-4B9C-8968-1A9978065852}.Release|Any CPU.ActiveCfg = Release|Any CPU
		{4955A398-E270-4B9C-8968-1A9978065852}.Release|Any CPU.Build.0 = Release|Any CPU
		{2E7027B4-85C5-4FF5-A9A5-C994B4D574B5}.Debug|Any CPU.ActiveCfg = Debug|Any CPU
		{2E7027B4-85C5-4FF5-A9A5-C994B4D574B5}.Debug|Any CPU.Build.0 = Debug|Any CPU
		{2E7027B4-85C5-4FF5-A9A5-C994B4D574B5}.Release|Any CPU.ActiveCfg = Release|Any CPU
		{2E7027B4-85C5-4FF5-A9A5-C994B4D574B5}.Release|Any CPU.Build.0 = Release|Any CPU
		{9B49109B-6054-4683-9A5C-583E65B71044}.Debug|Any CPU.ActiveCfg = Debug|Any CPU
		{9B49109B-6054-4683-9A5C-583E65B71044}.Debug|Any CPU.Build.0 = Debug|Any CPU
		{9B49109B-6054-4683-9A5C-583E65B71044}.Release|Any CPU.ActiveCfg = Release|Any CPU
		{9B49109B-6054-4683-9A5C-583E65B71044}.Release|Any CPU.Build.0 = Release|Any CPU
		{4DB5B70C-6AE6-4653-A438-740E79106B41}.Debug|Any CPU.ActiveCfg = Debug|Any CPU
		{4DB5B70C-6AE6-4653-A438-740E79106B41}.Debug|Any CPU.Build.0 = Debug|Any CPU
		{4DB5B70C-6AE6-4653-A438-740E79106B41}.Release|Any CPU.ActiveCfg = Release|Any CPU
		{4DB5B70C-6AE6-4653-A438-740E79106B41}.Release|Any CPU.Build.0 = Release|Any CPU
		{A4330CBB-C9E8-4F9F-8C2E-7F14ADDE8A4B}.Debug|Any CPU.ActiveCfg = Debug|Any CPU
		{A4330CBB-C9E8-4F9F-8C2E-7F14ADDE8A4B}.Debug|Any CPU.Build.0 = Debug|Any CPU
		{A4330CBB-C9E8-4F9F-8C2E-7F14ADDE8A4B}.Release|Any CPU.ActiveCfg = Release|Any CPU
		{A4330CBB-C9E8-4F9F-8C2E-7F14ADDE8A4B}.Release|Any CPU.Build.0 = Release|Any CPU
		{59E5BFC5-B599-4B01-99FB-736CCC9A1389}.Debug|Any CPU.ActiveCfg = Debug|Any CPU
		{59E5BFC5-B599-4B01-99FB-736CCC9A1389}.Debug|Any CPU.Build.0 = Debug|Any CPU
		{59E5BFC5-B599-4B01-99FB-736CCC9A1389}.Release|Any CPU.ActiveCfg = Release|Any CPU
		{59E5BFC5-B599-4B01-99FB-736CCC9A1389}.Release|Any CPU.Build.0 = Release|Any CPU
	EndGlobalSection
	GlobalSection(SolutionProperties) = preSolution
		HideSolutionNode = FALSE
	EndGlobalSection
	GlobalSection(ExtensibilityGlobals) = postSolution
		SolutionGuid = {1B35EC72-A29E-4D34-9CD0-620EFA033911}
	EndGlobalSection
EndGlobal
